// !$*UTF8*$!
{
	archiveVersion = 1;
	classes = {
	};
	objectVersion = 46;
	objects = {

/* Begin PBXBuildFile section */
		868398E71AE90DBC008F262A /* BackgroundSubject.swift in Sources */ = {isa = PBXBuildFile; fileRef = 868398E61AE90DBC008F262A /* BackgroundSubject.swift */; };
		86A826681AE417B600D0D12E /* AboutMeViewController.swift in Sources */ = {isa = PBXBuildFile; fileRef = 86A826671AE417B600D0D12E /* AboutMeViewController.swift */; };
		86A8266A1AE41C4700D0D12E /* TransitionManager.swift in Sources */ = {isa = PBXBuildFile; fileRef = 86A826691AE41C4700D0D12E /* TransitionManager.swift */; };
		86A8266C1AE4610A00D0D12E /* BackgroundViewController.swift in Sources */ = {isa = PBXBuildFile; fileRef = 86A8266B1AE4610A00D0D12E /* BackgroundViewController.swift */; };
		86AB481C1ADDBA1B006C1405 /* AppDelegate.swift in Sources */ = {isa = PBXBuildFile; fileRef = 86AB481B1ADDBA1B006C1405 /* AppDelegate.swift */; };
		86AB481E1ADDBA1B006C1405 /* MainViewController.swift in Sources */ = {isa = PBXBuildFile; fileRef = 86AB481D1ADDBA1B006C1405 /* MainViewController.swift */; };
		86AB48211ADDBA1B006C1405 /* Main.storyboard in Resources */ = {isa = PBXBuildFile; fileRef = 86AB481F1ADDBA1B006C1405 /* Main.storyboard */; };
		86AB48231ADDBA1B006C1405 /* Images.xcassets in Resources */ = {isa = PBXBuildFile; fileRef = 86AB48221ADDBA1B006C1405 /* Images.xcassets */; };
		86AB48321ADDBA1B006C1405 /* Aleph_RetamalTests.swift in Sources */ = {isa = PBXBuildFile; fileRef = 86AB48311ADDBA1B006C1405 /* Aleph_RetamalTests.swift */; };
		86AB483C1ADDC6FE006C1405 /* Paths.swift in Sources */ = {isa = PBXBuildFile; fileRef = 86AB483B1ADDC6FE006C1405 /* Paths.swift */; };
		86AB483E1ADDCAE1006C1405 /* CircleMenuButton.swift in Sources */ = {isa = PBXBuildFile; fileRef = 86AB483D1ADDCAE1006C1405 /* CircleMenuButton.swift */; };
		86AB48401ADDCBF9006C1405 /* Extensions.swift in Sources */ = {isa = PBXBuildFile; fileRef = 86AB483F1ADDCBF9006C1405 /* Extensions.swift */; };
		86B291051AE7EC7E0044E744 /* fontawesome-webfont.ttf in Resources */ = {isa = PBXBuildFile; fileRef = 86B291041AE7EC7E0044E744 /* fontawesome-webfont.ttf */; };
		86B8D4711AEA42E5001A40FB /* MainButton.swift in Sources */ = {isa = PBXBuildFile; fileRef = 86B8D4701AEA42E5001A40FB /* MainButton.swift */; };
		86CDB4A01AE0620C00268CD9 /* ProjectsViewController.swift in Sources */ = {isa = PBXBuildFile; fileRef = 86CDB49F1AE0620C00268CD9 /* ProjectsViewController.swift */; };
		86EA909D1ADFC4FB00D9222B /* SkillsViewController.swift in Sources */ = {isa = PBXBuildFile; fileRef = 86EA909C1ADFC4FB00D9222B /* SkillsViewController.swift */; };
		86EA909F1ADFC9DB00D9222B /* SkillBar.swift in Sources */ = {isa = PBXBuildFile; fileRef = 86EA909E1ADFC9DB00D9222B /* SkillBar.swift */; };
		86F7CAB61AE2C3D2002A0D55 /* ImageView4Drag.swift in Sources */ = {isa = PBXBuildFile; fileRef = 86F7CAB51AE2C3D2002A0D55 /* ImageView4Drag.swift */; };
/* End PBXBuildFile section */

/* Begin PBXContainerItemProxy section */
		86AB482C1ADDBA1B006C1405 /* PBXContainerItemProxy */ = {
			isa = PBXContainerItemProxy;
			containerPortal = 86AB480E1ADDBA1A006C1405 /* Project object */;
			proxyType = 1;
			remoteGlobalIDString = 86AB48151ADDBA1B006C1405;
			remoteInfo = "Aleph Retamal";
		};
/* End PBXContainerItemProxy section */

/* Begin PBXFileReference section */
		868398E61AE90DBC008F262A /* BackgroundSubject.swift */ = {isa = PBXFileReference; fileEncoding = 4; lastKnownFileType = sourcecode.swift; path = BackgroundSubject.swift; sourceTree = "<group>"; };
		86A826671AE417B600D0D12E /* AboutMeViewController.swift */ = {isa = PBXFileReference; fileEncoding = 4; lastKnownFileType = sourcecode.swift; path = AboutMeViewController.swift; sourceTree = "<group>"; };
		86A826691AE41C4700D0D12E /* TransitionManager.swift */ = {isa = PBXFileReference; fileEncoding = 4; lastKnownFileType = sourcecode.swift; path = TransitionManager.swift; sourceTree = "<group>"; };
		86A8266B1AE4610A00D0D12E /* BackgroundViewController.swift */ = {isa = PBXFileReference; fileEncoding = 4; lastKnownFileType = sourcecode.swift; path = BackgroundViewController.swift; sourceTree = "<group>"; };
		86AB48161ADDBA1B006C1405 /* Aleph Retamal.app */ = {isa = PBXFileReference; explicitFileType = wrapper.application; includeInIndex = 0; path = "Aleph Retamal.app"; sourceTree = BUILT_PRODUCTS_DIR; };
		86AB481A1ADDBA1B006C1405 /* Info.plist */ = {isa = PBXFileReference; lastKnownFileType = text.plist.xml; path = Info.plist; sourceTree = "<group>"; };
		86AB481B1ADDBA1B006C1405 /* AppDelegate.swift */ = {isa = PBXFileReference; lastKnownFileType = sourcecode.swift; path = AppDelegate.swift; sourceTree = "<group>"; };
		86AB481D1ADDBA1B006C1405 /* MainViewController.swift */ = {isa = PBXFileReference; lastKnownFileType = sourcecode.swift; path = MainViewController.swift; sourceTree = "<group>"; };
		86AB48201ADDBA1B006C1405 /* Base */ = {isa = PBXFileReference; lastKnownFileType = file.storyboard; name = Base; path = Base.lproj/Main.storyboard; sourceTree = "<group>"; };
		86AB48221ADDBA1B006C1405 /* Images.xcassets */ = {isa = PBXFileReference; lastKnownFileType = folder.assetcatalog; path = Images.xcassets; sourceTree = "<group>"; };
		86AB482B1ADDBA1B006C1405 /* Aleph RetamalTests.xctest */ = {isa = PBXFileReference; explicitFileType = wrapper.cfbundle; includeInIndex = 0; path = "Aleph RetamalTests.xctest"; sourceTree = BUILT_PRODUCTS_DIR; };
		86AB48301ADDBA1B006C1405 /* Info.plist */ = {isa = PBXFileReference; lastKnownFileType = text.plist.xml; path = Info.plist; sourceTree = "<group>"; };
		86AB48311ADDBA1B006C1405 /* Aleph_RetamalTests.swift */ = {isa = PBXFileReference; lastKnownFileType = sourcecode.swift; path = Aleph_RetamalTests.swift; sourceTree = "<group>"; };
		86AB483B1ADDC6FE006C1405 /* Paths.swift */ = {isa = PBXFileReference; fileEncoding = 4; lastKnownFileType = sourcecode.swift; path = Paths.swift; sourceTree = "<group>"; };
		86AB483D1ADDCAE1006C1405 /* CircleMenuButton.swift */ = {isa = PBXFileReference; fileEncoding = 4; lastKnownFileType = sourcecode.swift; path = CircleMenuButton.swift; sourceTree = "<group>"; };
		86AB483F1ADDCBF9006C1405 /* Extensions.swift */ = {isa = PBXFileReference; fileEncoding = 4; lastKnownFileType = sourcecode.swift; path = Extensions.swift; sourceTree = "<group>"; };
		86B291041AE7EC7E0044E744 /* fontawesome-webfont.ttf */ = {isa = PBXFileReference; lastKnownFileType = file; path = "fontawesome-webfont.ttf"; sourceTree = "<group>"; };
		86B8D4701AEA42E5001A40FB /* MainButton.swift */ = {isa = PBXFileReference; fileEncoding = 4; lastKnownFileType = sourcecode.swift; path = MainButton.swift; sourceTree = "<group>"; };
		86CDB49F1AE0620C00268CD9 /* ProjectsViewController.swift */ = {isa = PBXFileReference; fileEncoding = 4; lastKnownFileType = sourcecode.swift; path = ProjectsViewController.swift; sourceTree = "<group>"; };
		86EA909C1ADFC4FB00D9222B /* SkillsViewController.swift */ = {isa = PBXFileReference; fileEncoding = 4; lastKnownFileType = sourcecode.swift; path = SkillsViewController.swift; sourceTree = "<group>"; };
		86EA909E1ADFC9DB00D9222B /* SkillBar.swift */ = {isa = PBXFileReference; fileEncoding = 4; lastKnownFileType = sourcecode.swift; path = SkillBar.swift; sourceTree = "<group>"; };
		86F7CAB51AE2C3D2002A0D55 /* ImageView4Drag.swift */ = {isa = PBXFileReference; fileEncoding = 4; lastKnownFileType = sourcecode.swift; path = ImageView4Drag.swift; sourceTree = "<group>"; };
/* End PBXFileReference section */

/* Begin PBXFrameworksBuildPhase section */
		86AB48131ADDBA1B006C1405 /* Frameworks */ = {
			isa = PBXFrameworksBuildPhase;
			buildActionMask = 2147483647;
			files = (
			);
			runOnlyForDeploymentPostprocessing = 0;
		};
		86AB48281ADDBA1B006C1405 /* Frameworks */ = {
			isa = PBXFrameworksBuildPhase;
			buildActionMask = 2147483647;
			files = (
			);
			runOnlyForDeploymentPostprocessing = 0;
		};
/* End PBXFrameworksBuildPhase section */

/* Begin PBXGroup section */
		86AB480D1ADDBA1A006C1405 = {
			isa = PBXGroup;
			children = (
				86AB48181ADDBA1B006C1405 /* Aleph Retamal */,
				86AB482E1ADDBA1B006C1405 /* Aleph RetamalTests */,
				86AB48171ADDBA1B006C1405 /* Products */,
			);
			sourceTree = "<group>";
		};
		86AB48171ADDBA1B006C1405 /* Products */ = {
			isa = PBXGroup;
			children = (
				86AB48161ADDBA1B006C1405 /* Aleph Retamal.app */,
				86AB482B1ADDBA1B006C1405 /* Aleph RetamalTests.xctest */,
			);
			name = Products;
			sourceTree = "<group>";
		};
		86AB48181ADDBA1B006C1405 /* Aleph Retamal */ = {
			isa = PBXGroup;
			children = (
				86AB481B1ADDBA1B006C1405 /* AppDelegate.swift */,
				86AB483B1ADDC6FE006C1405 /* Paths.swift */,
				86AB483F1ADDCBF9006C1405 /* Extensions.swift */,
				86EA909E1ADFC9DB00D9222B /* SkillBar.swift */,
				86F7CAB51AE2C3D2002A0D55 /* ImageView4Drag.swift */,
				86AB483D1ADDCAE1006C1405 /* CircleMenuButton.swift */,
				86AB481F1ADDBA1B006C1405 /* Main.storyboard */,
				868398E61AE90DBC008F262A /* BackgroundSubject.swift */,
				86A8266B1AE4610A00D0D12E /* BackgroundViewController.swift */,
				86A826671AE417B600D0D12E /* AboutMeViewController.swift */,
				86AB481D1ADDBA1B006C1405 /* MainViewController.swift */,
				86B8D4701AEA42E5001A40FB /* MainButton.swift */,
				86A826691AE41C4700D0D12E /* TransitionManager.swift */,
				86CDB49F1AE0620C00268CD9 /* ProjectsViewController.swift */,
				86EA909C1ADFC4FB00D9222B /* SkillsViewController.swift */,
				86AB48221ADDBA1B006C1405 /* Images.xcassets */,
				86B291041AE7EC7E0044E744 /* fontawesome-webfont.ttf */,
				86AB48191ADDBA1B006C1405 /* Supporting Files */,
			);
			path = "Aleph Retamal";
			sourceTree = "<group>";
		};
		86AB48191ADDBA1B006C1405 /* Supporting Files */ = {
			isa = PBXGroup;
			children = (
				86AB481A1ADDBA1B006C1405 /* Info.plist */,
			);
			name = "Supporting Files";
			sourceTree = "<group>";
		};
		86AB482E1ADDBA1B006C1405 /* Aleph RetamalTests */ = {
			isa = PBXGroup;
			children = (
				86AB48311ADDBA1B006C1405 /* Aleph_RetamalTests.swift */,
				86AB482F1ADDBA1B006C1405 /* Supporting Files */,
			);
			path = "Aleph RetamalTests";
			sourceTree = "<group>";
		};
		86AB482F1ADDBA1B006C1405 /* Supporting Files */ = {
			isa = PBXGroup;
			children = (
				86AB48301ADDBA1B006C1405 /* Info.plist */,
			);
			name = "Supporting Files";
			sourceTree = "<group>";
		};
/* End PBXGroup section */

/* Begin PBXNativeTarget section */
		86AB48151ADDBA1B006C1405 /* Aleph Retamal */ = {
			isa = PBXNativeTarget;
			buildConfigurationList = 86AB48351ADDBA1B006C1405 /* Build configuration list for PBXNativeTarget "Aleph Retamal" */;
			buildPhases = (
				86AB48121ADDBA1B006C1405 /* Sources */,
				86AB48131ADDBA1B006C1405 /* Frameworks */,
				86AB48141ADDBA1B006C1405 /* Resources */,
			);
			buildRules = (
			);
			dependencies = (
			);
			name = "Aleph Retamal";
			productName = "Aleph Retamal";
			productReference = 86AB48161ADDBA1B006C1405 /* Aleph Retamal.app */;
			productType = "com.apple.product-type.application";
		};
		86AB482A1ADDBA1B006C1405 /* Aleph RetamalTests */ = {
			isa = PBXNativeTarget;
			buildConfigurationList = 86AB48381ADDBA1B006C1405 /* Build configuration list for PBXNativeTarget "Aleph RetamalTests" */;
			buildPhases = (
				86AB48271ADDBA1B006C1405 /* Sources */,
				86AB48281ADDBA1B006C1405 /* Frameworks */,
				86AB48291ADDBA1B006C1405 /* Resources */,
			);
			buildRules = (
			);
			dependencies = (
				86AB482D1ADDBA1B006C1405 /* PBXTargetDependency */,
			);
			name = "Aleph RetamalTests";
			productName = "Aleph RetamalTests";
			productReference = 86AB482B1ADDBA1B006C1405 /* Aleph RetamalTests.xctest */;
			productType = "com.apple.product-type.bundle.unit-test";
		};
/* End PBXNativeTarget section */

/* Begin PBXProject section */
		86AB480E1ADDBA1A006C1405 /* Project object */ = {
			isa = PBXProject;
			attributes = {
				LastSwiftMigration = 0710;
				LastSwiftUpdateCheck = 0710;
				LastUpgradeCheck = 0710;
				ORGANIZATIONNAME = "Aleph Retamal";
				TargetAttributes = {
					86AB48151ADDBA1B006C1405 = {
						CreatedOnToolsVersion = 6.3;
					};
					86AB482A1ADDBA1B006C1405 = {
						CreatedOnToolsVersion = 6.3;
						TestTargetID = 86AB48151ADDBA1B006C1405;
					};
				};
			};
			buildConfigurationList = 86AB48111ADDBA1A006C1405 /* Build configuration list for PBXProject "Aleph Retamal" */;
			compatibilityVersion = "Xcode 3.2";
			developmentRegion = English;
			hasScannedForEncodings = 0;
			knownRegions = (
				en,
				Base,
			);
			mainGroup = 86AB480D1ADDBA1A006C1405;
			productRefGroup = 86AB48171ADDBA1B006C1405 /* Products */;
			projectDirPath = "";
			projectRoot = "";
			targets = (
				86AB48151ADDBA1B006C1405 /* Aleph Retamal */,
				86AB482A1ADDBA1B006C1405 /* Aleph RetamalTests */,
			);
		};
/* End PBXProject section */

/* Begin PBXResourcesBuildPhase section */
		86AB48141ADDBA1B006C1405 /* Resources */ = {
			isa = PBXResourcesBuildPhase;
			buildActionMask = 2147483647;
			files = (
				86B291051AE7EC7E0044E744 /* fontawesome-webfont.ttf in Resources */,
				86AB48211ADDBA1B006C1405 /* Main.storyboard in Resources */,
				86AB48231ADDBA1B006C1405 /* Images.xcassets in Resources */,
			);
			runOnlyForDeploymentPostprocessing = 0;
		};
		86AB48291ADDBA1B006C1405 /* Resources */ = {
			isa = PBXResourcesBuildPhase;
			buildActionMask = 2147483647;
			files = (
			);
			runOnlyForDeploymentPostprocessing = 0;
		};
/* End PBXResourcesBuildPhase section */

/* Begin PBXSourcesBuildPhase section */
		86AB48121ADDBA1B006C1405 /* Sources */ = {
			isa = PBXSourcesBuildPhase;
			buildActionMask = 2147483647;
			files = (
				86A8266C1AE4610A00D0D12E /* BackgroundViewController.swift in Sources */,
				86CDB4A01AE0620C00268CD9 /* ProjectsViewController.swift in Sources */,
				86B8D4711AEA42E5001A40FB /* MainButton.swift in Sources */,
				86AB48401ADDCBF9006C1405 /* Extensions.swift in Sources */,
				86AB483E1ADDCAE1006C1405 /* CircleMenuButton.swift in Sources */,
				86AB483C1ADDC6FE006C1405 /* Paths.swift in Sources */,
				868398E71AE90DBC008F262A /* BackgroundSubject.swift in Sources */,
				86AB481E1ADDBA1B006C1405 /* MainViewController.swift in Sources */,
				86EA909D1ADFC4FB00D9222B /* SkillsViewController.swift in Sources */,
				86A826681AE417B600D0D12E /* AboutMeViewController.swift in Sources */,
				86EA909F1ADFC9DB00D9222B /* SkillBar.swift in Sources */,
				86AB481C1ADDBA1B006C1405 /* AppDelegate.swift in Sources */,
				86F7CAB61AE2C3D2002A0D55 /* ImageView4Drag.swift in Sources */,
				86A8266A1AE41C4700D0D12E /* TransitionManager.swift in Sources */,
			);
			runOnlyForDeploymentPostprocessing = 0;
		};
		86AB48271ADDBA1B006C1405 /* Sources */ = {
			isa = PBXSourcesBuildPhase;
			buildActionMask = 2147483647;
			files = (
				86AB48321ADDBA1B006C1405 /* Aleph_RetamalTests.swift in Sources */,
			);
			runOnlyForDeploymentPostprocessing = 0;
		};
/* End PBXSourcesBuildPhase section */

/* Begin PBXTargetDependency section */
		86AB482D1ADDBA1B006C1405 /* PBXTargetDependency */ = {
			isa = PBXTargetDependency;
			target = 86AB48151ADDBA1B006C1405 /* Aleph Retamal */;
			targetProxy = 86AB482C1ADDBA1B006C1405 /* PBXContainerItemProxy */;
		};
/* End PBXTargetDependency section */

/* Begin PBXVariantGroup section */
		86AB481F1ADDBA1B006C1405 /* Main.storyboard */ = {
			isa = PBXVariantGroup;
			children = (
				86AB48201ADDBA1B006C1405 /* Base */,
			);
			name = Main.storyboard;
			sourceTree = "<group>";
		};
/* End PBXVariantGroup section */

/* Begin XCBuildConfiguration section */
		86AB48331ADDBA1B006C1405 /* Debug */ = {
			isa = XCBuildConfiguration;
			buildSettings = {
				ALWAYS_SEARCH_USER_PATHS = NO;
				CLANG_CXX_LANGUAGE_STANDARD = "gnu++0x";
				CLANG_CXX_LIBRARY = "libc++";
				CLANG_ENABLE_MODULES = YES;
				CLANG_ENABLE_OBJC_ARC = YES;
				CLANG_WARN_BOOL_CONVERSION = YES;
				CLANG_WARN_CONSTANT_CONVERSION = YES;
				CLANG_WARN_DIRECT_OBJC_ISA_USAGE = YES_ERROR;
				CLANG_WARN_EMPTY_BODY = YES;
				CLANG_WARN_ENUM_CONVERSION = YES;
				CLANG_WARN_INT_CONVERSION = YES;
				CLANG_WARN_OBJC_ROOT_CLASS = YES_ERROR;
				CLANG_WARN_UNREACHABLE_CODE = YES;
				CLANG_WARN__DUPLICATE_METHOD_MATCH = YES;
				"CODE_SIGN_IDENTITY[sdk=iphoneos*]" = "iPhone Developer";
				COPY_PHASE_STRIP = NO;
				DEBUG_INFORMATION_FORMAT = "dwarf-with-dsym";
				ENABLE_STRICT_OBJC_MSGSEND = YES;
				ENABLE_TESTABILITY = YES;
				GCC_C_LANGUAGE_STANDARD = gnu99;
				GCC_DYNAMIC_NO_PIC = NO;
				GCC_NO_COMMON_BLOCKS = YES;
				GCC_OPTIMIZATION_LEVEL = 0;
				GCC_PREPROCESSOR_DEFINITIONS = (
					"DEBUG=1",
					"$(inherited)",
				);
				GCC_SYMBOLS_PRIVATE_EXTERN = NO;
				GCC_WARN_64_TO_32_BIT_CONVERSION = YES;
				GCC_WARN_ABOUT_RETURN_TYPE = YES_ERROR;
				GCC_WARN_UNDECLARED_SELECTOR = YES;
				GCC_WARN_UNINITIALIZED_AUTOS = YES_AGGRESSIVE;
				GCC_WARN_UNUSED_FUNCTION = YES;
				GCC_WARN_UNUSED_VARIABLE = YES;
				IPHONEOS_DEPLOYMENT_TARGET = 8.3;
				MTL_ENABLE_DEBUG_INFO = YES;
				ONLY_ACTIVE_ARCH = YES;
				SDKROOT = iphoneos;
				SWIFT_OPTIMIZATION_LEVEL = "-Onone";
			};
			name = Debug;
		};
		86AB48341ADDBA1B006C1405 /* Release */ = {
			isa = XCBuildConfiguration;
			buildSettings = {
				ALWAYS_SEARCH_USER_PATHS = NO;
				CLANG_CXX_LANGUAGE_STANDARD = "gnu++0x";
				CLANG_CXX_LIBRARY = "libc++";
				CLANG_ENABLE_MODULES = YES;
				CLANG_ENABLE_OBJC_ARC = YES;
				CLANG_WARN_BOOL_CONVERSION = YES;
				CLANG_WARN_CONSTANT_CONVERSION = YES;
				CLANG_WARN_DIRECT_OBJC_ISA_USAGE = YES_ERROR;
				CLANG_WARN_EMPTY_BODY = YES;
				CLANG_WARN_ENUM_CONVERSION = YES;
				CLANG_WARN_INT_CONVERSION = YES;
				CLANG_WARN_OBJC_ROOT_CLASS = YES_ERROR;
				CLANG_WARN_UNREACHABLE_CODE = YES;
				CLANG_WARN__DUPLICATE_METHOD_MATCH = YES;
				"CODE_SIGN_IDENTITY[sdk=iphoneos*]" = "iPhone Developer";
				COPY_PHASE_STRIP = NO;
				DEBUG_INFORMATION_FORMAT = "dwarf-with-dsym";
				ENABLE_NS_ASSERTIONS = NO;
				ENABLE_STRICT_OBJC_MSGSEND = YES;
				GCC_C_LANGUAGE_STANDARD = gnu99;
				GCC_NO_COMMON_BLOCKS = YES;
				GCC_WARN_64_TO_32_BIT_CONVERSION = YES;
				GCC_WARN_ABOUT_RETURN_TYPE = YES_ERROR;
				GCC_WARN_UNDECLARED_SELECTOR = YES;
				GCC_WARN_UNINITIALIZED_AUTOS = YES_AGGRESSIVE;
				GCC_WARN_UNUSED_FUNCTION = YES;
				GCC_WARN_UNUSED_VARIABLE = YES;
				IPHONEOS_DEPLOYMENT_TARGET = 8.3;
				MTL_ENABLE_DEBUG_INFO = NO;
				SDKROOT = iphoneos;
				VALIDATE_PRODUCT = YES;
			};
			name = Release;
		};
		86AB48361ADDBA1B006C1405 /* Debug */ = {
			isa = XCBuildConfiguration;
			buildSettings = {
				ASSETCATALOG_COMPILER_APPICON_NAME = AppIcon;
				INFOPLIST_FILE = "Aleph Retamal/Info.plist";
				LD_RUNPATH_SEARCH_PATHS = "$(inherited) @executable_path/Frameworks";
				PRODUCT_BUNDLE_IDENTIFIER = "alephretamal.$(PRODUCT_NAME:rfc1034identifier)";
				PRODUCT_NAME = "$(TARGET_NAME)";
			};
			name = Debug;
		};
		86AB48371ADDBA1B006C1405 /* Release */ = {
			isa = XCBuildConfiguration;
			buildSettings = {
				ASSETCATALOG_COMPILER_APPICON_NAME = AppIcon;
				INFOPLIST_FILE = "Aleph Retamal/Info.plist";
				LD_RUNPATH_SEARCH_PATHS = "$(inherited) @executable_path/Frameworks";
				PRODUCT_BUNDLE_IDENTIFIER = "alephretamal.$(PRODUCT_NAME:rfc1034identifier)";
				PRODUCT_NAME = "$(TARGET_NAME)";
			};
			name = Release;
		};
		86AB48391ADDBA1B006C1405 /* Debug */ = {
			isa = XCBuildConfiguration;
			buildSettings = {
				BUNDLE_LOADER = "$(TEST_HOST)";
				FRAMEWORK_SEARCH_PATHS = (
					"$(SDKROOT)/Developer/Library/Frameworks",
					"$(inherited)",
				);
				GCC_PREPROCESSOR_DEFINITIONS = (
					"DEBUG=1",
					"$(inherited)",
				);
				INFOPLIST_FILE = "Aleph RetamalTests/Info.plist";
				LD_RUNPATH_SEARCH_PATHS = "$(inherited) @executable_path/Frameworks @loader_path/Frameworks";
				PRODUCT_BUNDLE_IDENTIFIER = "alephretamal.$(PRODUCT_NAME:rfc1034identifier)";
				PRODUCT_NAME = "$(TARGET_NAME)";
				TEST_HOST = "$(BUILT_PRODUCTS_DIR)/Aleph Retamal.app/Aleph Retamal";
			};
			name = Debug;
		};
		86AB483A1ADDBA1B006C1405 /* Release */ = {
			isa = XCBuildConfiguration;
			buildSettings = {
				BUNDLE_LOADER = "$(TEST_HOST)";
				FRAMEWORK_SEARCH_PATHS = (
					"$(SDKROOT)/Developer/Library/Frameworks",
					"$(inherited)",
				);
				INFOPLIST_FILE = "Aleph RetamalTests/Info.plist";
				LD_RUNPATH_SEARCH_PATHS = "$(inherited) @executable_path/Frameworks @loader_path/Frameworks";
				PRODUCT_BUNDLE_IDENTIFIER = "alephretamal.$(PRODUCT_NAME:rfc1034identifier)";
				PRODUCT_NAME = "$(TARGET_NAME)";
				TEST_HOST = "$(BUILT_PRODUCTS_DIR)/Aleph Retamal.app/Aleph Retamal";
			};
			name = Release;
		};
/* End XCBuildConfiguration section */

/* Begin XCConfigurationList section */
		86AB48111ADDBA1A006C1405 /* Build configuration list for PBXProject "Aleph Retamal" */ = {
			isa = XCConfigurationList;
			buildConfigurations = (
				86AB48331ADDBA1B006C1405 /* Debug */,
				86AB48341ADDBA1B006C1405 /* Release */,
			);
			defaultConfigurationIsVisible = 0;
			defaultConfigurationName = Release;
		};
		86AB48351ADDBA1B006C1405 /* Build configuration list for PBXNativeTarget "Aleph Retamal" */ = {
			isa = XCConfigurationList;
			buildConfigurations = (
				86AB48361ADDBA1B006C1405 /* Debug */,
				86AB48371ADDBA1B006C1405 /* Release */,
			);
			defaultConfigurationIsVisible = 0;
			defaultConfigurationName = Release;
		};
		86AB48381ADDBA1B006C1405 /* Build configuration list for PBXNativeTarget "Aleph RetamalTests" */ = {
			isa = XCConfigurationList;
			buildConfigurations = (
				86AB48391ADDBA1B006C1405 /* Debug */,
				86AB483A1ADDBA1B006C1405 /* Release */,
			);
			defaultConfigurationIsVisible = 0;
			defaultConfigurationName = Release;
		};
/* End XCConfigurationList section */
	};
	rootObject = 86AB480E1ADDBA1A006C1405 /* Project object */;
}
